
Microsoft Visual Studio Solution File, Format Version 12.00
# Visual Studio Version 16
VisualStudioVersion = 16.0.31729.503
MinimumVisualStudioVersion = 10.0.40219.1
Project("{9A19103F-16F7-4668-BE54-9A1E7A4F7556}") = "CampIntro", "CampIntro\CampIntro.csproj", "{3E5D0AA4-529E-4AB7-BF05-A69CCBF826EB}"
EndProject
Project("{9A19103F-16F7-4668-BE54-9A1E7A4F7556}") = "Methods", "Methods\Methods.csproj", "{05638343-C492-4C12-B5DF-FA020B8E385B}"
EndProject
Global
	GlobalSection(SolutionConfigurationPlatforms) = preSolution
		Debug|Any CPU = Debug|Any CPU
		Release|Any CPU = Release|Any CPU
	EndGlobalSection
	GlobalSection(ProjectConfigurationPlatforms) = postSolution
		{3E5D0AA4-529E-4AB7-BF05-A69CCBF826EB}.Debug|Any CPU.ActiveCfg = Debug|Any CPU
		{3E5D0AA4-529E-4AB7-BF05-A69CCBF826EB}.Debug|Any CPU.Build.0 = Debug|Any CPU
		{3E5D0AA4-529E-4AB7-BF05-A69CCBF826EB}.Release|Any CPU.ActiveCfg = Release|Any CPU
		{3E5D0AA4-529E-4AB7-BF05-A69CCBF826EB}.Release|Any CPU.Build.0 = Release|Any CPU
		{05638343-C492-4C12-B5DF-FA020B8E385B}.Debug|Any CPU.ActiveCfg = Debug|Any CPU
		{05638343-C492-4C12-B5DF-FA020B8E385B}.Debug|Any CPU.Build.0 = Debug|Any CPU
		{05638343-C492-4C12-B5DF-FA020B8E385B}.Release|Any CPU.ActiveCfg = Release|Any CPU
		{05638343-C492-4C12-B5DF-FA020B8E385B}.Release|Any CPU.Build.0 = Release|Any CPU
	EndGlobalSection
	GlobalSection(SolutionProperties) = preSolution
		HideSolutionNode = FALSE
	EndGlobalSection
	GlobalSection(ExtensibilityGlobals) = postSolution
		SolutionGuid = {86D8B398-0667-4DA3-9C8C-476CEB0697EB}
	EndGlobalSection
EndGlobal
